// !$*UTF8*$!
{
	archiveVersion = 1;
	classes = {
	};
	objectVersion = 51;
	objects = {

/* Begin PBXBuildFile section */
		AF27E65A24A38CDF0049C23F /* Loading.json in Resources */ = {isa = PBXBuildFile; fileRef = AF27E65924A38CDF0049C23F /* Loading.json */; };
		AF27E65D24A38F230049C23F /* TalkVBottom.swift in Sources */ = {isa = PBXBuildFile; fileRef = AF27E65B24A38F230049C23F /* TalkVBottom.swift */; };
		AF27E65E24A38F230049C23F /* TalkVTop.swift in Sources */ = {isa = PBXBuildFile; fileRef = AF27E65C24A38F230049C23F /* TalkVTop.swift */; };
		AF27E66024A38F3E0049C23F /* TalkVC.swift in Sources */ = {isa = PBXBuildFile; fileRef = AF27E65F24A38F3E0049C23F /* TalkVC.swift */; };
		AF27E66424A38F580049C23F /* TalkMyCustomCell.swift in Sources */ = {isa = PBXBuildFile; fileRef = AF27E66224A38F580049C23F /* TalkMyCustomCell.swift */; };
		AF27E66524A38F580049C23F /* TalkUserCustomCell.swift in Sources */ = {isa = PBXBuildFile; fileRef = AF27E66324A38F580049C23F /* TalkUserCustomCell.swift */; };
		AF545DD024A08A5C0017C937 /* TranslateTextView.swift in Sources */ = {isa = PBXBuildFile; fileRef = AF545DCF24A08A5C0017C937 /* TranslateTextView.swift */; };
		AF57DF5624A30975006FD439 /* RegisterViewModel.swift in Sources */ = {isa = PBXBuildFile; fileRef = AF57DF5524A30975006FD439 /* RegisterViewModel.swift */; };
		AF57DF5924A30C3D006FD439 /* LoginViewModel.swift in Sources */ = {isa = PBXBuildFile; fileRef = AF57DF5824A30C3D006FD439 /* LoginViewModel.swift */; };
		AF57DF5B24A31136006FD439 /* AuthService.swift in Sources */ = {isa = PBXBuildFile; fileRef = AF57DF5A24A31136006FD439 /* AuthService.swift */; };
		AF57DF5D24A33D6F006FD439 /* UserListCell.swift in Sources */ = {isa = PBXBuildFile; fileRef = AF57DF5C24A33D6F006FD439 /* UserListCell.swift */; };
		AF57DF5F24A34B5F006FD439 /* ConversationService.swift in Sources */ = {isa = PBXBuildFile; fileRef = AF57DF5E24A34B5F006FD439 /* ConversationService.swift */; };
		AF57DF6124A34BEE006FD439 /* UserModel.swift in Sources */ = {isa = PBXBuildFile; fileRef = AF57DF6024A34BEE006FD439 /* UserModel.swift */; };
		AF57DF6824A38646006FD439 /* Bazzi.ttf in Resources */ = {isa = PBXBuildFile; fileRef = AF57DF6724A38646006FD439 /* Bazzi.ttf */; };
		AF59F25724A0FD1400A0BC64 /* TranslateService.swift in Sources */ = {isa = PBXBuildFile; fileRef = AF59F25624A0FD1400A0BC64 /* TranslateService.swift */; };
		AF63D1EE24A43900007AC892 /* MessageModel.swift in Sources */ = {isa = PBXBuildFile; fileRef = AF63D1ED24A43900007AC892 /* MessageModel.swift */; };
		AF70C33424A2247100179910 /* ButtonTitleLabel.swift in Sources */ = {isa = PBXBuildFile; fileRef = AF70C33324A2247100179910 /* ButtonTitleLabel.swift */; };
		AF80A86E24A10EDC00852D71 /* GoogleService-Info.plist in Resources */ = {isa = PBXBuildFile; fileRef = AF80A86D24A10EDC00852D71 /* GoogleService-Info.plist */; };
		AF85EABB249F6ECA00D02D71 /* AppDelegate.swift in Sources */ = {isa = PBXBuildFile; fileRef = AF85EABA249F6ECA00D02D71 /* AppDelegate.swift */; };
		AF85EABD249F6ECA00D02D71 /* SceneDelegate.swift in Sources */ = {isa = PBXBuildFile; fileRef = AF85EABC249F6ECA00D02D71 /* SceneDelegate.swift */; };
		AF85EAC2249F6ECA00D02D71 /* Main.storyboard in Resources */ = {isa = PBXBuildFile; fileRef = AF85EAC0249F6ECA00D02D71 /* Main.storyboard */; };
		AF85EAC4249F6ECC00D02D71 /* Assets.xcassets in Resources */ = {isa = PBXBuildFile; fileRef = AF85EAC3249F6ECC00D02D71 /* Assets.xcassets */; };
		AF85EAC7249F6ECC00D02D71 /* LaunchScreen.storyboard in Resources */ = {isa = PBXBuildFile; fileRef = AF85EAC5249F6ECC00D02D71 /* LaunchScreen.storyboard */; };
		AF85EACF249F701F00D02D71 /* MainVC.swift in Sources */ = {isa = PBXBuildFile; fileRef = AF85EACE249F701F00D02D71 /* MainVC.swift */; };
		AF85EAD4249F827900D02D71 /* LanguageData.swift in Sources */ = {isa = PBXBuildFile; fileRef = AF85EAD3249F827900D02D71 /* LanguageData.swift */; };
		AF8C1E9424A03CEF000FAB15 /* VoiceVC.swift in Sources */ = {isa = PBXBuildFile; fileRef = AF8C1E9324A03CEF000FAB15 /* VoiceVC.swift */; };
		AF8C1E9724A03E14000FAB15 /* TranslateBarView.swift in Sources */ = {isa = PBXBuildFile; fileRef = AF8C1E9624A03E14000FAB15 /* TranslateBarView.swift */; };
		AF8C1E9924A04C15000FAB15 /* MikeButtonView.swift in Sources */ = {isa = PBXBuildFile; fileRef = AF8C1E9824A04C15000FAB15 /* MikeButtonView.swift */; };
		AFB731B924A2E117009EDDB7 /* UserListVC.swift in Sources */ = {isa = PBXBuildFile; fileRef = AFB731B824A2E117009EDDB7 /* UserListVC.swift */; };
		AFB731BB24A2E1CD009EDDB7 /* LoginVC.swift in Sources */ = {isa = PBXBuildFile; fileRef = AFB731BA24A2E1CD009EDDB7 /* LoginVC.swift */; };
		AFB731BD24A2E1E4009EDDB7 /* RegisterVC.swift in Sources */ = {isa = PBXBuildFile; fileRef = AFB731BC24A2E1E4009EDDB7 /* RegisterVC.swift */; };
		AFB731BF24A2E2B0009EDDB7 /* Extension.swift in Sources */ = {isa = PBXBuildFile; fileRef = AFB731BE24A2E2B0009EDDB7 /* Extension.swift */; };
		AFB731C224A2E47B009EDDB7 /* InputContainerView.swift in Sources */ = {isa = PBXBuildFile; fileRef = AFB731C124A2E47B009EDDB7 /* InputContainerView.swift */; };
		AFB731C424A2E626009EDDB7 /* CustomTextField.swift in Sources */ = {isa = PBXBuildFile; fileRef = AFB731C324A2E626009EDDB7 /* CustomTextField.swift */; };
		B391BCBDAA753032AD84DE75 /* Pods_SCTranslation.framework in Frameworks */ = {isa = PBXBuildFile; fileRef = 086A8126B541808160893102 /* Pods_SCTranslation.framework */; };
		CE82E03B24A09A1700D75C78 /* TextVC.swift in Sources */ = {isa = PBXBuildFile; fileRef = CE82E03A24A09A1700D75C78 /* TextVC.swift */; };
		CE82E03D24A09A4900D75C78 /* LanguageVC.swift in Sources */ = {isa = PBXBuildFile; fileRef = CE82E03C24A09A4900D75C78 /* LanguageVC.swift */; };
/* End PBXBuildFile section */

/* Begin PBXFileReference section */
		086A8126B541808160893102 /* Pods_SCTranslation.framework */ = {isa = PBXFileReference; explicitFileType = wrapper.framework; includeInIndex = 0; path = Pods_SCTranslation.framework; sourceTree = BUILT_PRODUCTS_DIR; };
		A79FB2A078277B48E85EEF47 /* Pods-SCTranslation.release.xcconfig */ = {isa = PBXFileReference; includeInIndex = 1; lastKnownFileType = text.xcconfig; name = "Pods-SCTranslation.release.xcconfig"; path = "Target Support Files/Pods-SCTranslation/Pods-SCTranslation.release.xcconfig"; sourceTree = "<group>"; };
		AD0435A19CE9FD0C80A15A57 /* Pods-SCTranslation.debug.xcconfig */ = {isa = PBXFileReference; includeInIndex = 1; lastKnownFileType = text.xcconfig; name = "Pods-SCTranslation.debug.xcconfig"; path = "Target Support Files/Pods-SCTranslation/Pods-SCTranslation.debug.xcconfig"; sourceTree = "<group>"; };
		AF27E65924A38CDF0049C23F /* Loading.json */ = {isa = PBXFileReference; fileEncoding = 4; lastKnownFileType = text.json; path = Loading.json; sourceTree = "<group>"; };
		AF27E65B24A38F230049C23F /* TalkVBottom.swift */ = {isa = PBXFileReference; fileEncoding = 4; lastKnownFileType = sourcecode.swift; name = TalkVBottom.swift; path = "../../../../../../Downloads/SCTranslateProj 2/SCTranslation/SCTranslation/View/TalkVBottom.swift"; sourceTree = "<group>"; };
		AF27E65C24A38F230049C23F /* TalkVTop.swift */ = {isa = PBXFileReference; fileEncoding = 4; lastKnownFileType = sourcecode.swift; name = TalkVTop.swift; path = "../../../../../../Downloads/SCTranslateProj 2/SCTranslation/SCTranslation/View/TalkVTop.swift"; sourceTree = "<group>"; };
		AF27E65F24A38F3E0049C23F /* TalkVC.swift */ = {isa = PBXFileReference; fileEncoding = 4; lastKnownFileType = sourcecode.swift; name = TalkVC.swift; path = "../../../../../../Downloads/SCTranslateProj 2/SCTranslation/SCTranslation/Controller/TalkVC.swift"; sourceTree = "<group>"; };
		AF27E66224A38F580049C23F /* TalkMyCustomCell.swift */ = {isa = PBXFileReference; fileEncoding = 4; lastKnownFileType = sourcecode.swift; path = TalkMyCustomCell.swift; sourceTree = "<group>"; };
		AF27E66324A38F580049C23F /* TalkUserCustomCell.swift */ = {isa = PBXFileReference; fileEncoding = 4; lastKnownFileType = sourcecode.swift; path = TalkUserCustomCell.swift; sourceTree = "<group>"; };
		AF545DCF24A08A5C0017C937 /* TranslateTextView.swift */ = {isa = PBXFileReference; lastKnownFileType = sourcecode.swift; path = TranslateTextView.swift; sourceTree = "<group>"; };
		AF57DF5524A30975006FD439 /* RegisterViewModel.swift */ = {isa = PBXFileReference; lastKnownFileType = sourcecode.swift; path = RegisterViewModel.swift; sourceTree = "<group>"; };
		AF57DF5824A30C3D006FD439 /* LoginViewModel.swift */ = {isa = PBXFileReference; lastKnownFileType = sourcecode.swift; path = LoginViewModel.swift; sourceTree = "<group>"; };
		AF57DF5A24A31136006FD439 /* AuthService.swift */ = {isa = PBXFileReference; lastKnownFileType = sourcecode.swift; path = AuthService.swift; sourceTree = "<group>"; };
		AF57DF5C24A33D6F006FD439 /* UserListCell.swift */ = {isa = PBXFileReference; lastKnownFileType = sourcecode.swift; path = UserListCell.swift; sourceTree = "<group>"; };
		AF57DF5E24A34B5F006FD439 /* ConversationService.swift */ = {isa = PBXFileReference; lastKnownFileType = sourcecode.swift; path = ConversationService.swift; sourceTree = "<group>"; };
		AF57DF6024A34BEE006FD439 /* UserModel.swift */ = {isa = PBXFileReference; lastKnownFileType = sourcecode.swift; path = UserModel.swift; sourceTree = "<group>"; };
		AF57DF6724A38646006FD439 /* Bazzi.ttf */ = {isa = PBXFileReference; lastKnownFileType = file; path = Bazzi.ttf; sourceTree = "<group>"; };
		AF59F25624A0FD1400A0BC64 /* TranslateService.swift */ = {isa = PBXFileReference; lastKnownFileType = sourcecode.swift; path = TranslateService.swift; sourceTree = "<group>"; };
		AF63D1ED24A43900007AC892 /* MessageModel.swift */ = {isa = PBXFileReference; lastKnownFileType = sourcecode.swift; path = MessageModel.swift; sourceTree = "<group>"; };
		AF70C33324A2247100179910 /* ButtonTitleLabel.swift */ = {isa = PBXFileReference; lastKnownFileType = sourcecode.swift; path = ButtonTitleLabel.swift; sourceTree = "<group>"; };
		AF80A86D24A10EDC00852D71 /* GoogleService-Info.plist */ = {isa = PBXFileReference; fileEncoding = 4; lastKnownFileType = text.plist.xml; path = "GoogleService-Info.plist"; sourceTree = "<group>"; };
		AF85EAB7249F6ECA00D02D71 /* SCTranslation.app */ = {isa = PBXFileReference; explicitFileType = wrapper.application; includeInIndex = 0; path = SCTranslation.app; sourceTree = BUILT_PRODUCTS_DIR; };
		AF85EABA249F6ECA00D02D71 /* AppDelegate.swift */ = {isa = PBXFileReference; lastKnownFileType = sourcecode.swift; path = AppDelegate.swift; sourceTree = "<group>"; };
		AF85EABC249F6ECA00D02D71 /* SceneDelegate.swift */ = {isa = PBXFileReference; lastKnownFileType = sourcecode.swift; path = SceneDelegate.swift; sourceTree = "<group>"; };
		AF85EAC1249F6ECA00D02D71 /* Base */ = {isa = PBXFileReference; lastKnownFileType = file.storyboard; name = Base; path = Base.lproj/Main.storyboard; sourceTree = "<group>"; };
		AF85EAC3249F6ECC00D02D71 /* Assets.xcassets */ = {isa = PBXFileReference; lastKnownFileType = folder.assetcatalog; path = Assets.xcassets; sourceTree = "<group>"; };
		AF85EAC6249F6ECC00D02D71 /* Base */ = {isa = PBXFileReference; lastKnownFileType = file.storyboard; name = Base; path = Base.lproj/LaunchScreen.storyboard; sourceTree = "<group>"; };
		AF85EAC8249F6ECC00D02D71 /* Info.plist */ = {isa = PBXFileReference; lastKnownFileType = text.plist.xml; path = Info.plist; sourceTree = "<group>"; };
		AF85EACE249F701F00D02D71 /* MainVC.swift */ = {isa = PBXFileReference; lastKnownFileType = sourcecode.swift; path = MainVC.swift; sourceTree = "<group>"; };
		AF85EAD3249F827900D02D71 /* LanguageData.swift */ = {isa = PBXFileReference; lastKnownFileType = sourcecode.swift; path = LanguageData.swift; sourceTree = "<group>"; };
		AF8C1E9324A03CEF000FAB15 /* VoiceVC.swift */ = {isa = PBXFileReference; lastKnownFileType = sourcecode.swift; path = VoiceVC.swift; sourceTree = "<group>"; };
		AF8C1E9624A03E14000FAB15 /* TranslateBarView.swift */ = {isa = PBXFileReference; lastKnownFileType = sourcecode.swift; path = TranslateBarView.swift; sourceTree = "<group>"; };
		AF8C1E9824A04C15000FAB15 /* MikeButtonView.swift */ = {isa = PBXFileReference; lastKnownFileType = sourcecode.swift; path = MikeButtonView.swift; sourceTree = "<group>"; };
		AFB731B824A2E117009EDDB7 /* UserListVC.swift */ = {isa = PBXFileReference; lastKnownFileType = sourcecode.swift; path = UserListVC.swift; sourceTree = "<group>"; };
		AFB731BA24A2E1CD009EDDB7 /* LoginVC.swift */ = {isa = PBXFileReference; lastKnownFileType = sourcecode.swift; path = LoginVC.swift; sourceTree = "<group>"; };
		AFB731BC24A2E1E4009EDDB7 /* RegisterVC.swift */ = {isa = PBXFileReference; lastKnownFileType = sourcecode.swift; path = RegisterVC.swift; sourceTree = "<group>"; };
		AFB731BE24A2E2B0009EDDB7 /* Extension.swift */ = {isa = PBXFileReference; lastKnownFileType = sourcecode.swift; path = Extension.swift; sourceTree = "<group>"; };
		AFB731C124A2E47B009EDDB7 /* InputContainerView.swift */ = {isa = PBXFileReference; lastKnownFileType = sourcecode.swift; path = InputContainerView.swift; sourceTree = "<group>"; };
		AFB731C324A2E626009EDDB7 /* CustomTextField.swift */ = {isa = PBXFileReference; lastKnownFileType = sourcecode.swift; path = CustomTextField.swift; sourceTree = "<group>"; };
		CE82E03A24A09A1700D75C78 /* TextVC.swift */ = {isa = PBXFileReference; lastKnownFileType = sourcecode.swift; path = TextVC.swift; sourceTree = "<group>"; };
		CE82E03C24A09A4900D75C78 /* LanguageVC.swift */ = {isa = PBXFileReference; lastKnownFileType = sourcecode.swift; path = LanguageVC.swift; sourceTree = "<group>"; };
/* End PBXFileReference section */

/* Begin PBXFrameworksBuildPhase section */
		AF85EAB4249F6ECA00D02D71 /* Frameworks */ = {
			isa = PBXFrameworksBuildPhase;
			buildActionMask = 2147483647;
			files = (
				B391BCBDAA753032AD84DE75 /* Pods_SCTranslation.framework in Frameworks */,
			);
			runOnlyForDeploymentPostprocessing = 0;
		};
/* End PBXFrameworksBuildPhase section */

/* Begin PBXGroup section */
		AF27E66124A38F580049C23F /* CustomCell */ = {
			isa = PBXGroup;
			children = (
				AF27E66224A38F580049C23F /* TalkMyCustomCell.swift */,
				AF27E66324A38F580049C23F /* TalkUserCustomCell.swift */,
			);
			path = CustomCell;
			sourceTree = "<group>";
		};
		AF57DF5724A30979006FD439 /* ViewModel */ = {
			isa = PBXGroup;
			children = (
				AF57DF5524A30975006FD439 /* RegisterViewModel.swift */,
				AF57DF5824A30C3D006FD439 /* LoginViewModel.swift */,
			);
			path = ViewModel;
			sourceTree = "<group>";
		};
		AF57DF6224A34BF3006FD439 /* Model */ = {
			isa = PBXGroup;
			children = (
				AF57DF6024A34BEE006FD439 /* UserModel.swift */,
				AF63D1ED24A43900007AC892 /* MessageModel.swift */,
			);
			path = Model;
			sourceTree = "<group>";
		};
		AF57DF6324A3658D006FD439 /* Font */ = {
			isa = PBXGroup;
			children = (
				AF57DF6724A38646006FD439 /* Bazzi.ttf */,
			);
			path = Font;
			sourceTree = "<group>";
		};
		AF57DF6924A38665006FD439 /* json */ = {
			isa = PBXGroup;
			children = (
				AF27E65924A38CDF0049C23F /* Loading.json */,
			);
			path = json;
			sourceTree = "<group>";
		};
		AF59F25824A0FD5900A0BC64 /* Service */ = {
			isa = PBXGroup;
			children = (
				AF59F25624A0FD1400A0BC64 /* TranslateService.swift */,
				AF57DF5A24A31136006FD439 /* AuthService.swift */,
				AF57DF5E24A34B5F006FD439 /* ConversationService.swift */,
			);
			path = Service;
			sourceTree = "<group>";
		};
		AF85EAAE249F6ECA00D02D71 = {
			isa = PBXGroup;
			children = (
				AF85EAB9249F6ECA00D02D71 /* SCTranslation */,
				AF85EAB8249F6ECA00D02D71 /* Products */,
				E250D9E4E097000181F5A19C /* Pods */,
				DA907087996514511E663FF6 /* Frameworks */,
			);
			sourceTree = "<group>";
		};
		AF85EAB8249F6ECA00D02D71 /* Products */ = {
			isa = PBXGroup;
			children = (
				AF85EAB7249F6ECA00D02D71 /* SCTranslation.app */,
			);
			name = Products;
			sourceTree = "<group>";
		};
		AF85EAB9249F6ECA00D02D71 /* SCTranslation */ = {
			isa = PBXGroup;
			children = (
				AF8C1E9524A03DAF000FAB15 /* View */,
				AF57DF6224A34BF3006FD439 /* Model */,
				AF57DF5724A30979006FD439 /* ViewModel */,
				AF85EAD2249F825C00D02D71 /* Data */,
				AF85EAD0249F710800D02D71 /* Controller */,
				AF27E66124A38F580049C23F /* CustomCell */,
				AF59F25824A0FD5900A0BC64 /* Service */,
				AFB731C024A2E2C5009EDDB7 /* Utils */,
				AF85EAD1249F712400D02D71 /* Supporting Files */,
				AF85EAC0249F6ECA00D02D71 /* Main.storyboard */,
				AF85EAC5249F6ECC00D02D71 /* LaunchScreen.storyboard */,
			);
			path = SCTranslation;
			sourceTree = "<group>";
		};
		AF85EAD0249F710800D02D71 /* Controller */ = {
			isa = PBXGroup;
			children = (
				AF85EACE249F701F00D02D71 /* MainVC.swift */,
				AF8C1E9324A03CEF000FAB15 /* VoiceVC.swift */,
				CE82E03A24A09A1700D75C78 /* TextVC.swift */,
				CE82E03C24A09A4900D75C78 /* LanguageVC.swift */,
				AFB731BA24A2E1CD009EDDB7 /* LoginVC.swift */,
				AFB731BC24A2E1E4009EDDB7 /* RegisterVC.swift */,
				AFB731B824A2E117009EDDB7 /* UserListVC.swift */,
				AF27E65F24A38F3E0049C23F /* TalkVC.swift */,
			);
			path = Controller;
			sourceTree = "<group>";
		};
		AF85EAD1249F712400D02D71 /* Supporting Files */ = {
			isa = PBXGroup;
			children = (
				AF57DF6324A3658D006FD439 /* Font */,
				AF57DF6924A38665006FD439 /* json */,
				AF85EABC249F6ECA00D02D71 /* SceneDelegate.swift */,
				AF85EABA249F6ECA00D02D71 /* AppDelegate.swift */,
				AF85EAC3249F6ECC00D02D71 /* Assets.xcassets */,
				AF85EAC8249F6ECC00D02D71 /* Info.plist */,
				AF80A86D24A10EDC00852D71 /* GoogleService-Info.plist */,
			);
			path = "Supporting Files";
			sourceTree = "<group>";
		};
		AF85EAD2249F825C00D02D71 /* Data */ = {
			isa = PBXGroup;
			children = (
				AF85EAD3249F827900D02D71 /* LanguageData.swift */,
			);
			path = Data;
			sourceTree = "<group>";
		};
		AF8C1E9524A03DAF000FAB15 /* View */ = {
			isa = PBXGroup;
			children = (
				AF8C1E9824A04C15000FAB15 /* MikeButtonView.swift */,
				AF8C1E9624A03E14000FAB15 /* TranslateBarView.swift */,
				AF545DCF24A08A5C0017C937 /* TranslateTextView.swift */,
				AF70C33324A2247100179910 /* ButtonTitleLabel.swift */,
				AFB731C124A2E47B009EDDB7 /* InputContainerView.swift */,
				AFB731C324A2E626009EDDB7 /* CustomTextField.swift */,
				AF57DF5C24A33D6F006FD439 /* UserListCell.swift */,
				AF27E65B24A38F230049C23F /* TalkVBottom.swift */,
				AF27E65C24A38F230049C23F /* TalkVTop.swift */,
			);
			path = View;
			sourceTree = "<group>";
		};
		AFB731C024A2E2C5009EDDB7 /* Utils */ = {
			isa = PBXGroup;
			children = (
				AFB731BE24A2E2B0009EDDB7 /* Extension.swift */,
			);
			path = Utils;
			sourceTree = "<group>";
		};
		DA907087996514511E663FF6 /* Frameworks */ = {
			isa = PBXGroup;
			children = (
				086A8126B541808160893102 /* Pods_SCTranslation.framework */,
			);
			name = Frameworks;
			sourceTree = "<group>";
		};
		E250D9E4E097000181F5A19C /* Pods */ = {
			isa = PBXGroup;
			children = (
				AD0435A19CE9FD0C80A15A57 /* Pods-SCTranslation.debug.xcconfig */,
				A79FB2A078277B48E85EEF47 /* Pods-SCTranslation.release.xcconfig */,
			);
			path = Pods;
			sourceTree = "<group>";
		};
/* End PBXGroup section */

/* Begin PBXNativeTarget section */
		AF85EAB6249F6ECA00D02D71 /* SCTranslation */ = {
			isa = PBXNativeTarget;
			buildConfigurationList = AF85EACB249F6ECC00D02D71 /* Build configuration list for PBXNativeTarget "SCTranslation" */;
			buildPhases = (
				1B257E7FB259C6270D4D30E0 /* [CP] Check Pods Manifest.lock */,
				AF85EAB3249F6ECA00D02D71 /* Sources */,
				AF85EAB4249F6ECA00D02D71 /* Frameworks */,
				AF85EAB5249F6ECA00D02D71 /* Resources */,
				710C763AE6BB67298C20D816 /* [CP] Embed Pods Frameworks */,
				688DAAAFC713B8D5E329A631 /* [CP] Copy Pods Resources */,
			);
			buildRules = (
			);
			dependencies = (
			);
			name = SCTranslation;
			productName = SCTranslation;
			productReference = AF85EAB7249F6ECA00D02D71 /* SCTranslation.app */;
			productType = "com.apple.product-type.application";
		};
/* End PBXNativeTarget section */

/* Begin PBXProject section */
		AF85EAAF249F6ECA00D02D71 /* Project object */ = {
			isa = PBXProject;
			attributes = {
				LastSwiftUpdateCheck = 1150;
				LastUpgradeCheck = 1150;
				ORGANIZATIONNAME = "DanBin, JiWoon";
				TargetAttributes = {
					AF85EAB6249F6ECA00D02D71 = {
						CreatedOnToolsVersion = 11.5;
					};
				};
			};
			buildConfigurationList = AF85EAB2249F6ECA00D02D71 /* Build configuration list for PBXProject "SCTranslation" */;
			compatibilityVersion = "Xcode 9.3";
			developmentRegion = en;
			hasScannedForEncodings = 0;
			knownRegions = (
				en,
				Base,
			);
			mainGroup = AF85EAAE249F6ECA00D02D71;
			productRefGroup = AF85EAB8249F6ECA00D02D71 /* Products */;
			projectDirPath = "";
			projectRoot = "";
			targets = (
				AF85EAB6249F6ECA00D02D71 /* SCTranslation */,
			);
		};
/* End PBXProject section */

/* Begin PBXResourcesBuildPhase section */
		AF85EAB5249F6ECA00D02D71 /* Resources */ = {
			isa = PBXResourcesBuildPhase;
			buildActionMask = 2147483647;
			files = (
				AF85EAC7249F6ECC00D02D71 /* LaunchScreen.storyboard in Resources */,
				AF80A86E24A10EDC00852D71 /* GoogleService-Info.plist in Resources */,
				AF27E65A24A38CDF0049C23F /* Loading.json in Resources */,
				AF57DF6824A38646006FD439 /* Bazzi.ttf in Resources */,
				AF85EAC4249F6ECC00D02D71 /* Assets.xcassets in Resources */,
				AF85EAC2249F6ECA00D02D71 /* Main.storyboard in Resources */,
			);
			runOnlyForDeploymentPostprocessing = 0;
		};
/* End PBXResourcesBuildPhase section */

/* Begin PBXShellScriptBuildPhase section */
		1B257E7FB259C6270D4D30E0 /* [CP] Check Pods Manifest.lock */ = {
			isa = PBXShellScriptBuildPhase;
			buildActionMask = 2147483647;
			files = (
			);
			inputFileListPaths = (
			);
			inputPaths = (
				"${PODS_PODFILE_DIR_PATH}/Podfile.lock",
				"${PODS_ROOT}/Manifest.lock",
			);
			name = "[CP] Check Pods Manifest.lock";
			outputFileListPaths = (
			);
			outputPaths = (
				"$(DERIVED_FILE_DIR)/Pods-SCTranslation-checkManifestLockResult.txt",
			);
			runOnlyForDeploymentPostprocessing = 0;
			shellPath = /bin/sh;
			shellScript = "diff \"${PODS_PODFILE_DIR_PATH}/Podfile.lock\" \"${PODS_ROOT}/Manifest.lock\" > /dev/null\nif [ $? != 0 ] ; then\n    # print error to STDERR\n    echo \"error: The sandbox is not in sync with the Podfile.lock. Run 'pod install' or update your CocoaPods installation.\" >&2\n    exit 1\nfi\n# This output is used by Xcode 'outputs' to avoid re-running this script phase.\necho \"SUCCESS\" > \"${SCRIPT_OUTPUT_FILE_0}\"\n";
			showEnvVarsInLog = 0;
		};
		688DAAAFC713B8D5E329A631 /* [CP] Copy Pods Resources */ = {
			isa = PBXShellScriptBuildPhase;
			buildActionMask = 2147483647;
			files = (
			);
			inputFileListPaths = (
				"${PODS_ROOT}/Target Support Files/Pods-SCTranslation/Pods-SCTranslation-resources-${CONFIGURATION}-input-files.xcfilelist",
			);
			name = "[CP] Copy Pods Resources";
			outputFileListPaths = (
				"${PODS_ROOT}/Target Support Files/Pods-SCTranslation/Pods-SCTranslation-resources-${CONFIGURATION}-output-files.xcfilelist",
			);
			runOnlyForDeploymentPostprocessing = 0;
			shellPath = /bin/sh;
			shellScript = "\"${PODS_ROOT}/Target Support Files/Pods-SCTranslation/Pods-SCTranslation-resources.sh\"\n";
			showEnvVarsInLog = 0;
		};
		710C763AE6BB67298C20D816 /* [CP] Embed Pods Frameworks */ = {
			isa = PBXShellScriptBuildPhase;
			buildActionMask = 2147483647;
			files = (
			);
			inputFileListPaths = (
				"${PODS_ROOT}/Target Support Files/Pods-SCTranslation/Pods-SCTranslation-frameworks-${CONFIGURATION}-input-files.xcfilelist",
			);
			name = "[CP] Embed Pods Frameworks";
			outputFileListPaths = (
				"${PODS_ROOT}/Target Support Files/Pods-SCTranslation/Pods-SCTranslation-frameworks-${CONFIGURATION}-output-files.xcfilelist",
			);
			runOnlyForDeploymentPostprocessing = 0;
			shellPath = /bin/sh;
			shellScript = "\"${PODS_ROOT}/Target Support Files/Pods-SCTranslation/Pods-SCTranslation-frameworks.sh\"\n";
			showEnvVarsInLog = 0;
		};
/* End PBXShellScriptBuildPhase section */

/* Begin PBXSourcesBuildPhase section */
		AF85EAB3249F6ECA00D02D71 /* Sources */ = {
			isa = PBXSourcesBuildPhase;
			buildActionMask = 2147483647;
			files = (
				AF27E65E24A38F230049C23F /* TalkVTop.swift in Sources */,
				AF59F25724A0FD1400A0BC64 /* TranslateService.swift in Sources */,
				CE82E03D24A09A4900D75C78 /* LanguageVC.swift in Sources */,
				AFB731BB24A2E1CD009EDDB7 /* LoginVC.swift in Sources */,
				AF545DD024A08A5C0017C937 /* TranslateTextView.swift in Sources */,
				AF27E65D24A38F230049C23F /* TalkVBottom.swift in Sources */,
				AF27E66524A38F580049C23F /* TalkUserCustomCell.swift in Sources */,
				AF27E66424A38F580049C23F /* TalkMyCustomCell.swift in Sources */,
				AF8C1E9724A03E14000FAB15 /* TranslateBarView.swift in Sources */,
				AF8C1E9424A03CEF000FAB15 /* VoiceVC.swift in Sources */,
				AF57DF5B24A31136006FD439 /* AuthService.swift in Sources */,
				AF8C1E9924A04C15000FAB15 /* MikeButtonView.swift in Sources */,
				AFB731BF24A2E2B0009EDDB7 /* Extension.swift in Sources */,
				AF57DF5924A30C3D006FD439 /* LoginViewModel.swift in Sources */,
				AF57DF6124A34BEE006FD439 /* UserModel.swift in Sources */,
				AF57DF5624A30975006FD439 /* RegisterViewModel.swift in Sources */,
				AFB731C424A2E626009EDDB7 /* CustomTextField.swift in Sources */,
				AF27E66024A38F3E0049C23F /* TalkVC.swift in Sources */,
				AF57DF5D24A33D6F006FD439 /* UserListCell.swift in Sources */,
				AF85EACF249F701F00D02D71 /* MainVC.swift in Sources */,
				AF70C33424A2247100179910 /* ButtonTitleLabel.swift in Sources */,
				AFB731BD24A2E1E4009EDDB7 /* RegisterVC.swift in Sources */,
				AF85EABB249F6ECA00D02D71 /* AppDelegate.swift in Sources */,
				AF85EABD249F6ECA00D02D71 /* SceneDelegate.swift in Sources */,
				AFB731C224A2E47B009EDDB7 /* InputContainerView.swift in Sources */,
				AF63D1EE24A43900007AC892 /* MessageModel.swift in Sources */,
				AF57DF5F24A34B5F006FD439 /* ConversationService.swift in Sources */,
				AF85EAD4249F827900D02D71 /* LanguageData.swift in Sources */,
				CE82E03B24A09A1700D75C78 /* TextVC.swift in Sources */,
				AFB731B924A2E117009EDDB7 /* UserListVC.swift in Sources */,
			);
			runOnlyForDeploymentPostprocessing = 0;
		};
/* End PBXSourcesBuildPhase section */

/* Begin PBXVariantGroup section */
		AF85EAC0249F6ECA00D02D71 /* Main.storyboard */ = {
			isa = PBXVariantGroup;
			children = (
				AF85EAC1249F6ECA00D02D71 /* Base */,
			);
			name = Main.storyboard;
			sourceTree = "<group>";
		};
		AF85EAC5249F6ECC00D02D71 /* LaunchScreen.storyboard */ = {
			isa = PBXVariantGroup;
			children = (
				AF85EAC6249F6ECC00D02D71 /* Base */,
			);
			name = LaunchScreen.storyboard;
			sourceTree = "<group>";
		};
/* End PBXVariantGroup section */

/* Begin XCBuildConfiguration section */
		AF85EAC9249F6ECC00D02D71 /* Debug */ = {
			isa = XCBuildConfiguration;
			buildSettings = {
				ALWAYS_SEARCH_USER_PATHS = NO;
				CLANG_ANALYZER_NONNULL = YES;
				CLANG_ANALYZER_NUMBER_OBJECT_CONVERSION = YES_AGGRESSIVE;
				CLANG_CXX_LANGUAGE_STANDARD = "gnu++14";
				CLANG_CXX_LIBRARY = "libc++";
				CLANG_ENABLE_MODULES = YES;
				CLANG_ENABLE_OBJC_ARC = YES;
				CLANG_ENABLE_OBJC_WEAK = YES;
				CLANG_WARN_BLOCK_CAPTURE_AUTORELEASING = YES;
				CLANG_WARN_BOOL_CONVERSION = YES;
				CLANG_WARN_COMMA = YES;
				CLANG_WARN_CONSTANT_CONVERSION = YES;
				CLANG_WARN_DEPRECATED_OBJC_IMPLEMENTATIONS = YES;
				CLANG_WARN_DIRECT_OBJC_ISA_USAGE = YES_ERROR;
				CLANG_WARN_DOCUMENTATION_COMMENTS = YES;
				CLANG_WARN_EMPTY_BODY = YES;
				CLANG_WARN_ENUM_CONVERSION = YES;
				CLANG_WARN_INFINITE_RECURSION = YES;
				CLANG_WARN_INT_CONVERSION = YES;
				CLANG_WARN_NON_LITERAL_NULL_CONVERSION = YES;
				CLANG_WARN_OBJC_IMPLICIT_RETAIN_SELF = YES;
				CLANG_WARN_OBJC_LITERAL_CONVERSION = YES;
				CLANG_WARN_OBJC_ROOT_CLASS = YES_ERROR;
				CLANG_WARN_RANGE_LOOP_ANALYSIS = YES;
				CLANG_WARN_STRICT_PROTOTYPES = YES;
				CLANG_WARN_SUSPICIOUS_MOVE = YES;
				CLANG_WARN_UNGUARDED_AVAILABILITY = YES_AGGRESSIVE;
				CLANG_WARN_UNREACHABLE_CODE = YES;
				CLANG_WARN__DUPLICATE_METHOD_MATCH = YES;
				COPY_PHASE_STRIP = NO;
				DEBUG_INFORMATION_FORMAT = dwarf;
				ENABLE_STRICT_OBJC_MSGSEND = YES;
				ENABLE_TESTABILITY = YES;
				GCC_C_LANGUAGE_STANDARD = gnu11;
				GCC_DYNAMIC_NO_PIC = NO;
				GCC_NO_COMMON_BLOCKS = YES;
				GCC_OPTIMIZATION_LEVEL = 0;
				GCC_PREPROCESSOR_DEFINITIONS = (
					"DEBUG=1",
					"$(inherited)",
				);
				GCC_WARN_64_TO_32_BIT_CONVERSION = YES;
				GCC_WARN_ABOUT_RETURN_TYPE = YES_ERROR;
				GCC_WARN_UNDECLARED_SELECTOR = YES;
				GCC_WARN_UNINITIALIZED_AUTOS = YES_AGGRESSIVE;
				GCC_WARN_UNUSED_FUNCTION = YES;
				GCC_WARN_UNUSED_VARIABLE = YES;
				IPHONEOS_DEPLOYMENT_TARGET = 13.5;
				MTL_ENABLE_DEBUG_INFO = INCLUDE_SOURCE;
				MTL_FAST_MATH = YES;
				ONLY_ACTIVE_ARCH = YES;
				SDKROOT = iphoneos;
				SWIFT_ACTIVE_COMPILATION_CONDITIONS = DEBUG;
				SWIFT_OPTIMIZATION_LEVEL = "-Onone";
			};
			name = Debug;
		};
		AF85EACA249F6ECC00D02D71 /* Release */ = {
			isa = XCBuildConfiguration;
			buildSettings = {
				ALWAYS_SEARCH_USER_PATHS = NO;
				CLANG_ANALYZER_NONNULL = YES;
				CLANG_ANALYZER_NUMBER_OBJECT_CONVERSION = YES_AGGRESSIVE;
				CLANG_CXX_LANGUAGE_STANDARD = "gnu++14";
				CLANG_CXX_LIBRARY = "libc++";
				CLANG_ENABLE_MODULES = YES;
				CLANG_ENABLE_OBJC_ARC = YES;
				CLANG_ENABLE_OBJC_WEAK = YES;
				CLANG_WARN_BLOCK_CAPTURE_AUTORELEASING = YES;
				CLANG_WARN_BOOL_CONVERSION = YES;
				CLANG_WARN_COMMA = YES;
				CLANG_WARN_CONSTANT_CONVERSION = YES;
				CLANG_WARN_DEPRECATED_OBJC_IMPLEMENTATIONS = YES;
				CLANG_WARN_DIRECT_OBJC_ISA_USAGE = YES_ERROR;
				CLANG_WARN_DOCUMENTATION_COMMENTS = YES;
				CLANG_WARN_EMPTY_BODY = YES;
				CLANG_WARN_ENUM_CONVERSION = YES;
				CLANG_WARN_INFINITE_RECURSION = YES;
				CLANG_WARN_INT_CONVERSION = YES;
				CLANG_WARN_NON_LITERAL_NULL_CONVERSION = YES;
				CLANG_WARN_OBJC_IMPLICIT_RETAIN_SELF = YES;
				CLANG_WARN_OBJC_LITERAL_CONVERSION = YES;
				CLANG_WARN_OBJC_ROOT_CLASS = YES_ERROR;
				CLANG_WARN_RANGE_LOOP_ANALYSIS = YES;
				CLANG_WARN_STRICT_PROTOTYPES = YES;
				CLANG_WARN_SUSPICIOUS_MOVE = YES;
				CLANG_WARN_UNGUARDED_AVAILABILITY = YES_AGGRESSIVE;
				CLANG_WARN_UNREACHABLE_CODE = YES;
				CLANG_WARN__DUPLICATE_METHOD_MATCH = YES;
				COPY_PHASE_STRIP = NO;
				DEBUG_INFORMATION_FORMAT = "dwarf-with-dsym";
				ENABLE_NS_ASSERTIONS = NO;
				ENABLE_STRICT_OBJC_MSGSEND = YES;
				GCC_C_LANGUAGE_STANDARD = gnu11;
				GCC_NO_COMMON_BLOCKS = YES;
				GCC_WARN_64_TO_32_BIT_CONVERSION = YES;
				GCC_WARN_ABOUT_RETURN_TYPE = YES_ERROR;
				GCC_WARN_UNDECLARED_SELECTOR = YES;
				GCC_WARN_UNINITIALIZED_AUTOS = YES_AGGRESSIVE;
				GCC_WARN_UNUSED_FUNCTION = YES;
				GCC_WARN_UNUSED_VARIABLE = YES;
				IPHONEOS_DEPLOYMENT_TARGET = 13.5;
				MTL_ENABLE_DEBUG_INFO = NO;
				MTL_FAST_MATH = YES;
				SDKROOT = iphoneos;
				SWIFT_COMPILATION_MODE = wholemodule;
				SWIFT_OPTIMIZATION_LEVEL = "-O";
				VALIDATE_PRODUCT = YES;
			};
			name = Release;
		};
		AF85EACC249F6ECC00D02D71 /* Debug */ = {
			isa = XCBuildConfiguration;
			baseConfigurationReference = AD0435A19CE9FD0C80A15A57 /* Pods-SCTranslation.debug.xcconfig */;
			buildSettings = {
				ASSETCATALOG_COMPILER_APPICON_NAME = AppIcon;
				CODE_SIGN_STYLE = Automatic;
				DEVELOPMENT_TEAM = ZLCDRXJTXW;
				INFOPLIST_FILE = "SCTranslation/Supporting Files/Info.plist";
				IPHONEOS_DEPLOYMENT_TARGET = 13.0;
				LD_RUNPATH_SEARCH_PATHS = (
					"$(inherited)",
					"@executable_path/Frameworks",
				);
				PRODUCT_BUNDLE_IDENTIFIER = com.sctProj.SCTranslation;
				PRODUCT_NAME = "$(TARGET_NAME)";
				SWIFT_VERSION = 5.0;
				TARGETED_DEVICE_FAMILY = 1;
			};
			name = Debug;
		};
		AF85EACD249F6ECC00D02D71 /* Release */ = {
			isa = XCBuildConfiguration;
			baseConfigurationReference = A79FB2A078277B48E85EEF47 /* Pods-SCTranslation.release.xcconfig */;
			buildSettings = {
				ASSETCATALOG_COMPILER_APPICON_NAME = AppIcon;
				CODE_SIGN_STYLE = Automatic;
				DEVELOPMENT_TEAM = ZLCDRXJTXW;
				INFOPLIST_FILE = "SCTranslation/Supporting Files/Info.plist";
				IPHONEOS_DEPLOYMENT_TARGET = 13.0;
				LD_RUNPATH_SEARCH_PATHS = (
					"$(inherited)",
					"@executable_path/Frameworks",
				);
				PRODUCT_BUNDLE_IDENTIFIER = com.sctProj.SCTranslation;
				PRODUCT_NAME = "$(TARGET_NAME)";
				SWIFT_VERSION = 5.0;
				TARGETED_DEVICE_FAMILY = 1;
			};
			name = Release;
		};
/* End XCBuildConfiguration section */

/* Begin XCConfigurationList section */
		AF85EAB2249F6ECA00D02D71 /* Build configuration list for PBXProject "SCTranslation" */ = {
			isa = XCConfigurationList;
			buildConfigurations = (
				AF85EAC9249F6ECC00D02D71 /* Debug */,
				AF85EACA249F6ECC00D02D71 /* Release */,
			);
			defaultConfigurationIsVisible = 0;
			defaultConfigurationName = Release;
		};
		AF85EACB249F6ECC00D02D71 /* Build configuration list for PBXNativeTarget "SCTranslation" */ = {
			isa = XCConfigurationList;
			buildConfigurations = (
				AF85EACC249F6ECC00D02D71 /* Debug */,
				AF85EACD249F6ECC00D02D71 /* Release */,
			);
			defaultConfigurationIsVisible = 0;
			defaultConfigurationName = Release;
		};
/* End XCConfigurationList section */
	};
	rootObject = AF85EAAF249F6ECA00D02D71 /* Project object */;
}
